// !$*UTF8*$!
{
	archiveVersion = 1;
	classes = {
	};
	objectVersion = 50;
	objects = {

/* Begin PBXBuildFile section */
		371D4D8FACFB0F7973DE64CC /* Pods_Epicture.framework in Frameworks */ = {isa = PBXBuildFile; fileRef = 93A833AA846A24AF6B9F1568 /* Pods_Epicture.framework */; };
		5C43ACDC218858A000CEE5CC /* AppDelegate.swift in Sources */ = {isa = PBXBuildFile; fileRef = 5C43ACDB218858A000CEE5CC /* AppDelegate.swift */; };
		5C43ACDE218858A000CEE5CC /* ViewController.swift in Sources */ = {isa = PBXBuildFile; fileRef = 5C43ACDD218858A000CEE5CC /* ViewController.swift */; };
		5C43ACE1218858A000CEE5CC /* Main.storyboard in Resources */ = {isa = PBXBuildFile; fileRef = 5C43ACDF218858A000CEE5CC /* Main.storyboard */; };
		5C43ACE3218858A100CEE5CC /* Assets.xcassets in Resources */ = {isa = PBXBuildFile; fileRef = 5C43ACE2218858A100CEE5CC /* Assets.xcassets */; };
		5C43ACE6218858A100CEE5CC /* LaunchScreen.storyboard in Resources */ = {isa = PBXBuildFile; fileRef = 5C43ACE4218858A100CEE5CC /* LaunchScreen.storyboard */; };
		5C43ACF1218858A100CEE5CC /* EpictureTests.swift in Sources */ = {isa = PBXBuildFile; fileRef = 5C43ACF0218858A100CEE5CC /* EpictureTests.swift */; };
		5C8C17BC218C679F007ABABB /* TabBarViewController.swift in Sources */ = {isa = PBXBuildFile; fileRef = 5C8C17BB218C679F007ABABB /* TabBarViewController.swift */; };
		5C8C17C2218CFB58007ABABB /* AccountViewController.swift in Sources */ = {isa = PBXBuildFile; fileRef = 5C8C17C1218CFB58007ABABB /* AccountViewController.swift */; };
/* End PBXBuildFile section */

/* Begin PBXContainerItemProxy section */
		5C43ACED218858A100CEE5CC /* PBXContainerItemProxy */ = {
			isa = PBXContainerItemProxy;
			containerPortal = 5C43ACD0218858A000CEE5CC /* Project object */;
			proxyType = 1;
			remoteGlobalIDString = 5C43ACD7218858A000CEE5CC;
			remoteInfo = Epicture;
		};
/* End PBXContainerItemProxy section */

/* Begin PBXFileReference section */
		5C43ACD8218858A000CEE5CC /* Epicture.app */ = {isa = PBXFileReference; explicitFileType = wrapper.application; includeInIndex = 0; path = Epicture.app; sourceTree = BUILT_PRODUCTS_DIR; };
		5C43ACDB218858A000CEE5CC /* AppDelegate.swift */ = {isa = PBXFileReference; lastKnownFileType = sourcecode.swift; path = AppDelegate.swift; sourceTree = "<group>"; };
		5C43ACDD218858A000CEE5CC /* ViewController.swift */ = {isa = PBXFileReference; lastKnownFileType = sourcecode.swift; path = ViewController.swift; sourceTree = "<group>"; };
		5C43ACE0218858A000CEE5CC /* Base */ = {isa = PBXFileReference; lastKnownFileType = file.storyboard; name = Base; path = Base.lproj/Main.storyboard; sourceTree = "<group>"; };
		5C43ACE2218858A100CEE5CC /* Assets.xcassets */ = {isa = PBXFileReference; lastKnownFileType = folder.assetcatalog; path = Assets.xcassets; sourceTree = "<group>"; };
		5C43ACE5218858A100CEE5CC /* Base */ = {isa = PBXFileReference; lastKnownFileType = file.storyboard; name = Base; path = Base.lproj/LaunchScreen.storyboard; sourceTree = "<group>"; };
		5C43ACE7218858A100CEE5CC /* Info.plist */ = {isa = PBXFileReference; lastKnownFileType = text.plist.xml; path = Info.plist; sourceTree = "<group>"; };
		5C43ACEC218858A100CEE5CC /* EpictureTests.xctest */ = {isa = PBXFileReference; explicitFileType = wrapper.cfbundle; includeInIndex = 0; path = EpictureTests.xctest; sourceTree = BUILT_PRODUCTS_DIR; };
		5C43ACF0218858A100CEE5CC /* EpictureTests.swift */ = {isa = PBXFileReference; lastKnownFileType = sourcecode.swift; path = EpictureTests.swift; sourceTree = "<group>"; };
		5C43ACF2218858A100CEE5CC /* Info.plist */ = {isa = PBXFileReference; lastKnownFileType = text.plist.xml; path = Info.plist; sourceTree = "<group>"; };
		5C8C17BB218C679F007ABABB /* TabBarViewController.swift */ = {isa = PBXFileReference; lastKnownFileType = sourcecode.swift; path = TabBarViewController.swift; sourceTree = "<group>"; };
		5C8C17C1218CFB58007ABABB /* AccountViewController.swift */ = {isa = PBXFileReference; lastKnownFileType = sourcecode.swift; path = AccountViewController.swift; sourceTree = "<group>"; };
		9336BB9CF763F7AEA48CB4BF /* Pods-Epicture.release.xcconfig */ = {isa = PBXFileReference; includeInIndex = 1; lastKnownFileType = text.xcconfig; name = "Pods-Epicture.release.xcconfig"; path = "Pods/Target Support Files/Pods-Epicture/Pods-Epicture.release.xcconfig"; sourceTree = "<group>"; };
		93A833AA846A24AF6B9F1568 /* Pods_Epicture.framework */ = {isa = PBXFileReference; explicitFileType = wrapper.framework; includeInIndex = 0; path = Pods_Epicture.framework; sourceTree = BUILT_PRODUCTS_DIR; };
		96BCDE5F19D2ED2ADCB052DB /* Pods-Epicture.debug.xcconfig */ = {isa = PBXFileReference; includeInIndex = 1; lastKnownFileType = text.xcconfig; name = "Pods-Epicture.debug.xcconfig"; path = "Pods/Target Support Files/Pods-Epicture/Pods-Epicture.debug.xcconfig"; sourceTree = "<group>"; };
/* End PBXFileReference section */

/* Begin PBXFrameworksBuildPhase section */
		5C43ACD5218858A000CEE5CC /* Frameworks */ = {
			isa = PBXFrameworksBuildPhase;
			buildActionMask = 2147483647;
			files = (
				371D4D8FACFB0F7973DE64CC /* Pods_Epicture.framework in Frameworks */,
			);
			runOnlyForDeploymentPostprocessing = 0;
		};
		5C43ACE9218858A100CEE5CC /* Frameworks */ = {
			isa = PBXFrameworksBuildPhase;
			buildActionMask = 2147483647;
			files = (
			);
			runOnlyForDeploymentPostprocessing = 0;
		};
/* End PBXFrameworksBuildPhase section */

/* Begin PBXGroup section */
		30BC637DFF6C2FF2B56DBA6B /* Frameworks */ = {
			isa = PBXGroup;
			children = (
				93A833AA846A24AF6B9F1568 /* Pods_Epicture.framework */,
			);
			name = Frameworks;
			sourceTree = "<group>";
		};
		3C51208FC3A4B7722595D09B /* Pods */ = {
			isa = PBXGroup;
			children = (
				96BCDE5F19D2ED2ADCB052DB /* Pods-Epicture.debug.xcconfig */,
				9336BB9CF763F7AEA48CB4BF /* Pods-Epicture.release.xcconfig */,
			);
			name = Pods;
			sourceTree = "<group>";
		};
		5C43ACCF218858A000CEE5CC = {
			isa = PBXGroup;
			children = (
				5C43ACDA218858A000CEE5CC /* Epicture */,
				5C43ACEF218858A100CEE5CC /* EpictureTests */,
				5C43ACD9218858A000CEE5CC /* Products */,
				3C51208FC3A4B7722595D09B /* Pods */,
				30BC637DFF6C2FF2B56DBA6B /* Frameworks */,
			);
			sourceTree = "<group>";
		};
		5C43ACD9218858A000CEE5CC /* Products */ = {
			isa = PBXGroup;
			children = (
				5C43ACD8218858A000CEE5CC /* Epicture.app */,
				5C43ACEC218858A100CEE5CC /* EpictureTests.xctest */,
			);
			name = Products;
			sourceTree = "<group>";
		};
		5C43ACDA218858A000CEE5CC /* Epicture */ = {
			isa = PBXGroup;
			children = (
				5C43ACDB218858A000CEE5CC /* AppDelegate.swift */,
				5C43ACDD218858A000CEE5CC /* ViewController.swift */,
				5C8C17BB218C679F007ABABB /* TabBarViewController.swift */,
				5C8C17C1218CFB58007ABABB /* AccountViewController.swift */,
				5C43ACDF218858A000CEE5CC /* Main.storyboard */,
				5C43ACE2218858A100CEE5CC /* Assets.xcassets */,
				5C43ACE4218858A100CEE5CC /* LaunchScreen.storyboard */,
				5C43ACE7218858A100CEE5CC /* Info.plist */,
			);
			path = Epicture;
			sourceTree = "<group>";
		};
		5C43ACEF218858A100CEE5CC /* EpictureTests */ = {
			isa = PBXGroup;
			children = (
				5C43ACF0218858A100CEE5CC /* EpictureTests.swift */,
				5C43ACF2218858A100CEE5CC /* Info.plist */,
			);
			path = EpictureTests;
			sourceTree = "<group>";
		};
/* End PBXGroup section */

/* Begin PBXNativeTarget section */
		5C43ACD7218858A000CEE5CC /* Epicture */ = {
			isa = PBXNativeTarget;
			buildConfigurationList = 5C43ACF5218858A100CEE5CC /* Build configuration list for PBXNativeTarget "Epicture" */;
			buildPhases = (
				451704B7D2C11079226C2A70 /* [CP] Check Pods Manifest.lock */,
				5C43ACD4218858A000CEE5CC /* Sources */,
				5C43ACD5218858A000CEE5CC /* Frameworks */,
				5C43ACD6218858A000CEE5CC /* Resources */,
				057E8775070B4FC90E450176 /* [CP] Embed Pods Frameworks */,
			);
			buildRules = (
			);
			dependencies = (
			);
			name = Epicture;
			productName = Epicture;
			productReference = 5C43ACD8218858A000CEE5CC /* Epicture.app */;
			productType = "com.apple.product-type.application";
		};
		5C43ACEB218858A100CEE5CC /* EpictureTests */ = {
			isa = PBXNativeTarget;
			buildConfigurationList = 5C43ACF8218858A100CEE5CC /* Build configuration list for PBXNativeTarget "EpictureTests" */;
			buildPhases = (
				5C43ACE8218858A100CEE5CC /* Sources */,
				5C43ACE9218858A100CEE5CC /* Frameworks */,
				5C43ACEA218858A100CEE5CC /* Resources */,
			);
			buildRules = (
			);
			dependencies = (
				5C43ACEE218858A100CEE5CC /* PBXTargetDependency */,
			);
			name = EpictureTests;
			productName = EpictureTests;
			productReference = 5C43ACEC218858A100CEE5CC /* EpictureTests.xctest */;
			productType = "com.apple.product-type.bundle.unit-test";
		};
/* End PBXNativeTarget section */

/* Begin PBXProject section */
		5C43ACD0218858A000CEE5CC /* Project object */ = {
			isa = PBXProject;
			attributes = {
				LastSwiftUpdateCheck = 0940;
				LastUpgradeCheck = 0940;
				ORGANIZATIONNAME = Flo;
				TargetAttributes = {
					5C43ACD7218858A000CEE5CC = {
						CreatedOnToolsVersion = 9.4.1;
					};
					5C43ACEB218858A100CEE5CC = {
						CreatedOnToolsVersion = 9.4.1;
						TestTargetID = 5C43ACD7218858A000CEE5CC;
					};
				};
			};
			buildConfigurationList = 5C43ACD3218858A000CEE5CC /* Build configuration list for PBXProject "Epicture" */;
			compatibilityVersion = "Xcode 9.3";
			developmentRegion = en;
			hasScannedForEncodings = 0;
			knownRegions = (
				en,
				Base,
			);
			mainGroup = 5C43ACCF218858A000CEE5CC;
			productRefGroup = 5C43ACD9218858A000CEE5CC /* Products */;
			projectDirPath = "";
			projectRoot = "";
			targets = (
				5C43ACD7218858A000CEE5CC /* Epicture */,
				5C43ACEB218858A100CEE5CC /* EpictureTests */,
			);
		};
/* End PBXProject section */

/* Begin PBXResourcesBuildPhase section */
		5C43ACD6218858A000CEE5CC /* Resources */ = {
			isa = PBXResourcesBuildPhase;
			buildActionMask = 2147483647;
			files = (
				5C43ACE6218858A100CEE5CC /* LaunchScreen.storyboard in Resources */,
				5C43ACE3218858A100CEE5CC /* Assets.xcassets in Resources */,
				5C43ACE1218858A000CEE5CC /* Main.storyboard in Resources */,
			);
			runOnlyForDeploymentPostprocessing = 0;
		};
		5C43ACEA218858A100CEE5CC /* Resources */ = {
			isa = PBXResourcesBuildPhase;
			buildActionMask = 2147483647;
			files = (
			);
			runOnlyForDeploymentPostprocessing = 0;
		};
/* End PBXResourcesBuildPhase section */

/* Begin PBXShellScriptBuildPhase section */
		057E8775070B4FC90E450176 /* [CP] Embed Pods Frameworks */ = {
			isa = PBXShellScriptBuildPhase;
			buildActionMask = 2147483647;
			files = (
			);
			inputPaths = (
				"${SRCROOT}/Pods/Target Support Files/Pods-Epicture/Pods-Epicture-frameworks.sh",
				"${BUILT_PRODUCTS_DIR}/Alamofire/Alamofire.framework",
			);
			name = "[CP] Embed Pods Frameworks";
			outputPaths = (
				"${TARGET_BUILD_DIR}/${FRAMEWORKS_FOLDER_PATH}/Alamofire.framework",
			);
			runOnlyForDeploymentPostprocessing = 0;
			shellPath = /bin/sh;
			shellScript = "\"${SRCROOT}/Pods/Target Support Files/Pods-Epicture/Pods-Epicture-frameworks.sh\"\n";
			showEnvVarsInLog = 0;
		};
		451704B7D2C11079226C2A70 /* [CP] Check Pods Manifest.lock */ = {
			isa = PBXShellScriptBuildPhase;
			buildActionMask = 2147483647;
			files = (
			);
			inputPaths = (
				"${PODS_PODFILE_DIR_PATH}/Podfile.lock",
				"${PODS_ROOT}/Manifest.lock",
			);
			name = "[CP] Check Pods Manifest.lock";
			outputPaths = (
				"$(DERIVED_FILE_DIR)/Pods-Epicture-checkManifestLockResult.txt",
			);
			runOnlyForDeploymentPostprocessing = 0;
			shellPath = /bin/sh;
			shellScript = "diff \"${PODS_PODFILE_DIR_PATH}/Podfile.lock\" \"${PODS_ROOT}/Manifest.lock\" > /dev/null\nif [ $? != 0 ] ; then\n    # print error to STDERR\n    echo \"error: The sandbox is not in sync with the Podfile.lock. Run 'pod install' or update your CocoaPods installation.\" >&2\n    exit 1\nfi\n# This output is used by Xcode 'outputs' to avoid re-running this script phase.\necho \"SUCCESS\" > \"${SCRIPT_OUTPUT_FILE_0}\"\n";
			showEnvVarsInLog = 0;
		};
/* End PBXShellScriptBuildPhase section */

/* Begin PBXSourcesBuildPhase section */
		5C43ACD4218858A000CEE5CC /* Sources */ = {
			isa = PBXSourcesBuildPhase;
			buildActionMask = 2147483647;
			files = (
				5C43ACDE218858A000CEE5CC /* ViewController.swift in Sources */,
				5C8C17BC218C679F007ABABB /* TabBarViewController.swift in Sources */,
				5C8C17C2218CFB58007ABABB /* AccountViewController.swift in Sources */,
				5C43ACDC218858A000CEE5CC /* AppDelegate.swift in Sources */,
			);
			runOnlyForDeploymentPostprocessing = 0;
		};
		5C43ACE8218858A100CEE5CC /* Sources */ = {
			isa = PBXSourcesBuildPhase;
			buildActionMask = 2147483647;
			files = (
				5C43ACF1218858A100CEE5CC /* EpictureTests.swift in Sources */,
			);
			runOnlyForDeploymentPostprocessing = 0;
		};
/* End PBXSourcesBuildPhase section */

/* Begin PBXTargetDependency section */
		5C43ACEE218858A100CEE5CC /* PBXTargetDependency */ = {
			isa = PBXTargetDependency;
			target = 5C43ACD7218858A000CEE5CC /* Epicture */;
			targetProxy = 5C43ACED218858A100CEE5CC /* PBXContainerItemProxy */;
		};
/* End PBXTargetDependency section */

/* Begin PBXVariantGroup section */
		5C43ACDF218858A000CEE5CC /* Main.storyboard */ = {
			isa = PBXVariantGroup;
			children = (
				5C43ACE0218858A000CEE5CC /* Base */,
			);
			name = Main.storyboard;
			sourceTree = "<group>";
		};
		5C43ACE4218858A100CEE5CC /* LaunchScreen.storyboard */ = {
			isa = PBXVariantGroup;
			children = (
				5C43ACE5218858A100CEE5CC /* Base */,
			);
			name = LaunchScreen.storyboard;
			sourceTree = "<group>";
		};
/* End PBXVariantGroup section */

/* Begin XCBuildConfiguration section */
		5C43ACF3218858A100CEE5CC /* Debug */ = {
			isa = XCBuildConfiguration;
			buildSettings = {
				ALWAYS_SEARCH_USER_PATHS = NO;
				CLANG_ANALYZER_NONNULL = YES;
				CLANG_ANALYZER_NUMBER_OBJECT_CONVERSION = YES_AGGRESSIVE;
				CLANG_CXX_LANGUAGE_STANDARD = "gnu++14";
				CLANG_CXX_LIBRARY = "libc++";
				CLANG_ENABLE_MODULES = YES;
				CLANG_ENABLE_OBJC_ARC = YES;
				CLANG_ENABLE_OBJC_WEAK = YES;
				CLANG_WARN_BLOCK_CAPTURE_AUTORELEASING = YES;
				CLANG_WARN_BOOL_CONVERSION = YES;
				CLANG_WARN_COMMA = YES;
				CLANG_WARN_CONSTANT_CONVERSION = YES;
				CLANG_WARN_DEPRECATED_OBJC_IMPLEMENTATIONS = YES;
				CLANG_WARN_DIRECT_OBJC_ISA_USAGE = YES_ERROR;
				CLANG_WARN_DOCUMENTATION_COMMENTS = YES;
				CLANG_WARN_EMPTY_BODY = YES;
				CLANG_WARN_ENUM_CONVERSION = YES;
				CLANG_WARN_INFINITE_RECURSION = YES;
				CLANG_WARN_INT_CONVERSION = YES;
				CLANG_WARN_NON_LITERAL_NULL_CONVERSION = YES;
				CLANG_WARN_OBJC_IMPLICIT_RETAIN_SELF = YES;
				CLANG_WARN_OBJC_LITERAL_CONVERSION = YES;
				CLANG_WARN_OBJC_ROOT_CLASS = YES_ERROR;
				CLANG_WARN_RANGE_LOOP_ANALYSIS = YES;
				CLANG_WARN_STRICT_PROTOTYPES = YES;
				CLANG_WARN_SUSPICIOUS_MOVE = YES;
				CLANG_WARN_UNGUARDED_AVAILABILITY = YES_AGGRESSIVE;
				CLANG_WARN_UNREACHABLE_CODE = YES;
				CLANG_WARN__DUPLICATE_METHOD_MATCH = YES;
				CODE_SIGN_IDENTITY = "iPhone Developer";
				COPY_PHASE_STRIP = NO;
				DEBUG_INFORMATION_FORMAT = dwarf;
				ENABLE_STRICT_OBJC_MSGSEND = YES;
				ENABLE_TESTABILITY = YES;
				GCC_C_LANGUAGE_STANDARD = gnu11;
				GCC_DYNAMIC_NO_PIC = NO;
				GCC_NO_COMMON_BLOCKS = YES;
				GCC_OPTIMIZATION_LEVEL = 0;
				GCC_PREPROCESSOR_DEFINITIONS = (
					"DEBUG=1",
					"$(inherited)",
				);
				GCC_WARN_64_TO_32_BIT_CONVERSION = YES;
				GCC_WARN_ABOUT_RETURN_TYPE = YES_ERROR;
				GCC_WARN_UNDECLARED_SELECTOR = YES;
				GCC_WARN_UNINITIALIZED_AUTOS = YES_AGGRESSIVE;
				GCC_WARN_UNUSED_FUNCTION = YES;
				GCC_WARN_UNUSED_VARIABLE = YES;
				IPHONEOS_DEPLOYMENT_TARGET = 11.4;
				MTL_ENABLE_DEBUG_INFO = YES;
				ONLY_ACTIVE_ARCH = YES;
				SDKROOT = iphoneos;
				SWIFT_ACTIVE_COMPILATION_CONDITIONS = DEBUG;
				SWIFT_OPTIMIZATION_LEVEL = "-Onone";
			};
			name = Debug;
		};
		5C43ACF4218858A100CEE5CC /* Release */ = {
			isa = XCBuildConfiguration;
			buildSettings = {
				ALWAYS_SEARCH_USER_PATHS = NO;
				CLANG_ANALYZER_NONNULL = YES;
				CLANG_ANALYZER_NUMBER_OBJECT_CONVERSION = YES_AGGRESSIVE;
				CLANG_CXX_LANGUAGE_STANDARD = "gnu++14";
				CLANG_CXX_LIBRARY = "libc++";
				CLANG_ENABLE_MODULES = YES;
				CLANG_ENABLE_OBJC_ARC = YES;
				CLANG_ENABLE_OBJC_WEAK = YES;
				CLANG_WARN_BLOCK_CAPTURE_AUTORELEASING = YES;
				CLANG_WARN_BOOL_CONVERSION = YES;
				CLANG_WARN_COMMA = YES;
				CLANG_WARN_CONSTANT_CONVERSION = YES;
				CLANG_WARN_DEPRECATED_OBJC_IMPLEMENTATIONS = YES;
				CLANG_WARN_DIRECT_OBJC_ISA_USAGE = YES_ERROR;
				CLANG_WARN_DOCUMENTATION_COMMENTS = YES;
				CLANG_WARN_EMPTY_BODY = YES;
				CLANG_WARN_ENUM_CONVERSION = YES;
				CLANG_WARN_INFINITE_RECURSION = YES;
				CLANG_WARN_INT_CONVERSION = YES;
				CLANG_WARN_NON_LITERAL_NULL_CONVERSION = YES;
				CLANG_WARN_OBJC_IMPLICIT_RETAIN_SELF = YES;
				CLANG_WARN_OBJC_LITERAL_CONVERSION = YES;
				CLANG_WARN_OBJC_ROOT_CLASS = YES_ERROR;
				CLANG_WARN_RANGE_LOOP_ANALYSIS = YES;
				CLANG_WARN_STRICT_PROTOTYPES = YES;
				CLANG_WARN_SUSPICIOUS_MOVE = YES;
				CLANG_WARN_UNGUARDED_AVAILABILITY = YES_AGGRESSIVE;
				CLANG_WARN_UNREACHABLE_CODE = YES;
				CLANG_WARN__DUPLICATE_METHOD_MATCH = YES;
				CODE_SIGN_IDENTITY = "iPhone Developer";
				COPY_PHASE_STRIP = NO;
				DEBUG_INFORMATION_FORMAT = "dwarf-with-dsym";
				ENABLE_NS_ASSERTIONS = NO;
				ENABLE_STRICT_OBJC_MSGSEND = YES;
				GCC_C_LANGUAGE_STANDARD = gnu11;
				GCC_NO_COMMON_BLOCKS = YES;
				GCC_WARN_64_TO_32_BIT_CONVERSION = YES;
				GCC_WARN_ABOUT_RETURN_TYPE = YES_ERROR;
				GCC_WARN_UNDECLARED_SELECTOR = YES;
				GCC_WARN_UNINITIALIZED_AUTOS = YES_AGGRESSIVE;
				GCC_WARN_UNUSED_FUNCTION = YES;
				GCC_WARN_UNUSED_VARIABLE = YES;
				IPHONEOS_DEPLOYMENT_TARGET = 11.4;
				MTL_ENABLE_DEBUG_INFO = NO;
				SDKROOT = iphoneos;
				SWIFT_COMPILATION_MODE = wholemodule;
				SWIFT_OPTIMIZATION_LEVEL = "-O";
				VALIDATE_PRODUCT = YES;
			};
			name = Release;
		};
		5C43ACF6218858A100CEE5CC /* Debug */ = {
			isa = XCBuildConfiguration;
			baseConfigurationReference = 96BCDE5F19D2ED2ADCB052DB /* Pods-Epicture.debug.xcconfig */;
			buildSettings = {
				ASSETCATALOG_COMPILER_APPICON_NAME = AppIcon;
				CODE_SIGN_STYLE = Automatic;
				DEVELOPMENT_TEAM = 4WQZALU6UF;
				INFOPLIST_FILE = Epicture/Info.plist;
				LD_RUNPATH_SEARCH_PATHS = (
					"$(inherited)",
					"@executable_path/Frameworks",
				);
				PRODUCT_BUNDLE_IDENTIFIER = com.flo.Epicture;
				PRODUCT_NAME = "$(TARGET_NAME)";
				SWIFT_VERSION = 4.0;
				TARGETED_DEVICE_FAMILY = "1,2";
			};
			name = Debug;
		};
		5C43ACF7218858A100CEE5CC /* Release */ = {
			isa = XCBuildConfiguration;
			baseConfigurationReference = 9336BB9CF763F7AEA48CB4BF /* Pods-Epicture.release.xcconfig */;
			buildSettings = {
				ASSETCATALOG_COMPILER_APPICON_NAME = AppIcon;
				CODE_SIGN_STYLE = Automatic;
				DEVELOPMENT_TEAM = 4WQZALU6UF;
				INFOPLIST_FILE = Epicture/Info.plist;
				LD_RUNPATH_SEARCH_PATHS = (
					"$(inherited)",
					"@executable_path/Frameworks",
				);
				PRODUCT_BUNDLE_IDENTIFIER = com.flo.Epicture;
				PRODUCT_NAME = "$(TARGET_NAME)";
				SWIFT_VERSION = 4.0;
				TARGETED_DEVICE_FAMILY = "1,2";
			};
			name = Release;
		};
		5C43ACF9218858A100CEE5CC /* Debug */ = {
			isa = XCBuildConfiguration;
			buildSettings = {
				ALWAYS_EMBED_SWIFT_STANDARD_LIBRARIES = YES;
				BUNDLE_LOADER = "$(TEST_HOST)";
				CODE_SIGN_STYLE = Automatic;
				DEVELOPMENT_TEAM = 4WQZALU6UF;
				INFOPLIST_FILE = EpictureTests/Info.plist;
				LD_RUNPATH_SEARCH_PATHS = (
					"$(inherited)",
					"@executable_path/Frameworks",
					"@loader_path/Frameworks",
				);
				PRODUCT_BUNDLE_IDENTIFIER = com.flo.EpictureTests;
				PRODUCT_NAME = "$(TARGET_NAME)";
				SWIFT_VERSION = 4.0;
				TARGETED_DEVICE_FAMILY = "1,2";
				TEST_HOST = "$(BUILT_PRODUCTS_DIR)/Epicture.app/Epicture";
			};
			name = Debug;
		};
		5C43ACFA218858A100CEE5CC /* Release */ = {
			isa = XCBuildConfiguration;
			buildSettings = {
				ALWAYS_EMBED_SWIFT_STANDARD_LIBRARIES = YES;
				BUNDLE_LOADER = "$(TEST_HOST)";
				CODE_SIGN_STYLE = Automatic;
				DEVELOPMENT_TEAM = 4WQZALU6UF;
				INFOPLIST_FILE = EpictureTests/Info.plist;
				LD_RUNPATH_SEARCH_PATHS = (
					"$(inherited)",
					"@executable_path/Frameworks",
					"@loader_path/Frameworks",
				);
				PRODUCT_BUNDLE_IDENTIFIER = com.flo.EpictureTests;
				PRODUCT_NAME = "$(TARGET_NAME)";
				SWIFT_VERSION = 4.0;
				TARGETED_DEVICE_FAMILY = "1,2";
				TEST_HOST = "$(BUILT_PRODUCTS_DIR)/Epicture.app/Epicture";
			};
			name = Release;
		};
/* End XCBuildConfiguration section */

/* Begin XCConfigurationList section */
		5C43ACD3218858A000CEE5CC /* Build configuration list for PBXProject "Epicture" */ = {
			isa = XCConfigurationList;
			buildConfigurations = (
				5C43ACF3218858A100CEE5CC /* Debug */,
				5C43ACF4218858A100CEE5CC /* Release */,
			);
			defaultConfigurationIsVisible = 0;
			defaultConfigurationName = Release;
		};
		5C43ACF5218858A100CEE5CC /* Build configuration list for PBXNativeTarget "Epicture" */ = {
			isa = XCConfigurationList;
			buildConfigurations = (
				5C43ACF6218858A100CEE5CC /* Debug */,
				5C43ACF7218858A100CEE5CC /* Release */,
			);
			defaultConfigurationIsVisible = 0;
			defaultConfigurationName = Release;
		};
		5C43ACF8218858A100CEE5CC /* Build configuration list for PBXNativeTarget "EpictureTests" */ = {
			isa = XCConfigurationList;
			buildConfigurations = (
				5C43ACF9218858A100CEE5CC /* Debug */,
				5C43ACFA218858A100CEE5CC /* Release */,
			);
			defaultConfigurationIsVisible = 0;
			defaultConfigurationName = Release;
		};
/* End XCConfigurationList section */
	};
	rootObject = 5C43ACD0218858A000CEE5CC /* Project object */;
}
